
Microsoft Visual Studio Solution File, Format Version 12.00
# Visual Studio Version 16
VisualStudioVersion = 16.0.30413.136
MinimumVisualStudioVersion = 10.0.40219.1
Project("{9A19103F-16F7-4668-BE54-9A1E7A4F7556}") = "WebApi", "WebApi\WebApi.csproj", "{E553325D-E2C7-46FF-A39F-D66F51C5947D}"
EndProject
Project("{9A19103F-16F7-4668-BE54-9A1E7A4F7556}") = "Application", "Application\Application.csproj", "{29823ED6-6E4E-475D-AE4C-4EA859A7AE89}"
EndProject
Project("{FAE04EC0-301F-11D3-BF4B-00C04F79EFBC}") = "Tests", "Tests\Tests.csproj", "{67D8DD54-D2CB-4CA6-B0A5-7D47BF7EE9FB}"
EndProject
Global
	GlobalSection(SolutionConfigurationPlatforms) = preSolution
		Debug|Any CPU = Debug|Any CPU
		Release|Any CPU = Release|Any CPU
	EndGlobalSection
	GlobalSection(ProjectConfigurationPlatforms) = postSolution
		{E553325D-E2C7-46FF-A39F-D66F51C5947D}.Debug|Any CPU.ActiveCfg = Debug|Any CPU
		{E553325D-E2C7-46FF-A39F-D66F51C5947D}.Debug|Any CPU.Build.0 = Debug|Any CPU
		{E553325D-E2C7-46FF-A39F-D66F51C5947D}.Release|Any CPU.ActiveCfg = Release|Any CPU
		{E553325D-E2C7-46FF-A39F-D66F51C5947D}.Release|Any CPU.Build.0 = Release|Any CPU
		{29823ED6-6E4E-475D-AE4C-4EA859A7AE89}.Debug|Any CPU.ActiveCfg = Debug|Any CPU
		{29823ED6-6E4E-475D-AE4C-4EA859A7AE89}.Debug|Any CPU.Build.0 = Debug|Any CPU
		{29823ED6-6E4E-475D-AE4C-4EA859A7AE89}.Release|Any CPU.ActiveCfg = Release|Any CPU
		{29823ED6-6E4E-475D-AE4C-4EA859A7AE89}.Release|Any CPU.Build.0 = Release|Any CPU
		{67D8DD54-D2CB-4CA6-B0A5-7D47BF7EE9FB}.Debug|Any CPU.ActiveCfg = Debug|Any CPU
		{67D8DD54-D2CB-4CA6-B0A5-7D47BF7EE9FB}.Debug|Any CPU.Build.0 = Debug|Any CPU
		{67D8DD54-D2CB-4CA6-B0A5-7D47BF7EE9FB}.Release|Any CPU.ActiveCfg = Release|Any CPU
		{67D8DD54-D2CB-4CA6-B0A5-7D47BF7EE9FB}.Release|Any CPU.Build.0 = Release|Any CPU
	EndGlobalSection
	GlobalSection(SolutionProperties) = preSolution
		HideSolutionNode = FALSE
	EndGlobalSection
	GlobalSection(ExtensibilityGlobals) = postSolution
		SolutionGuid = {4BCC7BEF-2608-448C-9CD3-B7270BE2E9A2}
	EndGlobalSection
EndGlobal
